
Microsoft Visual Studio Solution File, Format Version 12.00
# Visual Studio Version 16
VisualStudioVersion = 16.0.29911.84
MinimumVisualStudioVersion = 10.0.40219.1
Project("{FAE04EC0-301F-11D3-BF4B-00C04F79EFBC}") = "Vodafon Red", "Vodafon Red\Vodafon Red.csproj", "{1708C747-68BA-4875-BE7C-B6995439F733}"
EndProject
Project("{FAE04EC0-301F-11D3-BF4B-00C04F79EFBC}") = "DAL", "DAL\DAL.csproj", "{2526A8C5-473B-46D7-AFE5-D2520E5DE096}"
EndProject
Project("{FAE04EC0-301F-11D3-BF4B-00C04F79EFBC}") = "BLL", "BLL\BLL.csproj", "{B7658BCD-598E-4F01-9D54-02680EDE8A5C}"
EndProject
Global
	GlobalSection(SolutionConfigurationPlatforms) = preSolution
		Debug|Any CPU = Debug|Any CPU
		Release|Any CPU = Release|Any CPU
	EndGlobalSection
	GlobalSection(ProjectConfigurationPlatforms) = postSolution
		{1708C747-68BA-4875-BE7C-B6995439F733}.Debug|Any CPU.ActiveCfg = Debug|Any CPU
		{1708C747-68BA-4875-BE7C-B6995439F733}.Debug|Any CPU.Build.0 = Debug|Any CPU
		{1708C747-68BA-4875-BE7C-B6995439F733}.Release|Any CPU.ActiveCfg = Release|Any CPU
		{1708C747-68BA-4875-BE7C-B6995439F733}.Release|Any CPU.Build.0 = Release|Any CPU
		{2526A8C5-473B-46D7-AFE5-D2520E5DE096}.Debug|Any CPU.ActiveCfg = Debug|Any CPU
		{2526A8C5-473B-46D7-AFE5-D2520E5DE096}.Debug|Any CPU.Build.0 = Debug|Any CPU
		{2526A8C5-473B-46D7-AFE5-D2520E5DE096}.Release|Any CPU.ActiveCfg = Release|Any CPU
		{2526A8C5-473B-46D7-AFE5-D2520E5DE096}.Release|Any CPU.Build.0 = Release|Any CPU
		{B7658BCD-598E-4F01-9D54-02680EDE8A5C}.Debug|Any CPU.ActiveCfg = Debug|Any CPU
		{B7658BCD-598E-4F01-9D54-02680EDE8A5C}.Debug|Any CPU.Build.0 = Debug|Any CPU
		{B7658BCD-598E-4F01-9D54-02680EDE8A5C}.Release|Any CPU.ActiveCfg = Release|Any CPU
		{B7658BCD-598E-4F01-9D54-02680EDE8A5C}.Release|Any CPU.Build.0 = Release|Any CPU
	EndGlobalSection
	GlobalSection(SolutionProperties) = preSolution
		HideSolutionNode = FALSE
	EndGlobalSection
	GlobalSection(ExtensibilityGlobals) = postSolution
		SolutionGuid = {8292EB52-2C82-4AEA-AFE7-CAEDE6A0C321}
	EndGlobalSection
EndGlobal
